github.com/wowchemy/wowchemy-hugo-modules/wowchemy v0.0.0-20210209220000-aa4fe0c75726 h1:0el025jqd8fqt+BtIt71cJz28GuMMdj1AUUozw8SBAQ=
github.com/wowchemy/wowchemy-hugo-modules/wowchemy v0.0.0-20210209220000-aa4fe0c75726/go.mod h1:H22qfH9qj3FWwsk7+bAZpmT24yRGNQURah2/IRwjbn8=
github.com/wowchemy/wowchemy-hugo-modules/wowchemy v0.0.0-20210211185922-b811f9a1bb9c h1:rcd9H2OHyw3xiu2H140g22AUvYZPBfvynAyTfubpvg4=
github.com/wowchemy/wowchemy-hugo-modules/wowchemy v0.0.0-20210211185922-b811f9a1bb9c/go.mod h1:H22qfH9qj3FWwsk7+bAZpmT24yRGNQURah2/IRwjbn8=
github.com/wowchemy/wowchemy-hugo-modules/wowchemy v0.0.0-20210324194200-fda9f39d872e h1:pjf3ttOUrGyqXqFE5HD4zROl5nVD7X06ejz5TwLuwtk=
github.com/wowchemy/wowchemy-hugo-modules/wowchemy v0.0.0-20210324194200-fda9f39d872e/go.mod h1:H22qfH9qj3FWwsk7+bAZpmT24yRGNQURah2/IRwjbn8=
github.com/wowchemy/wowchemy-hugo-modules/wowchemy v0.0.0-20210413192202-ab8d28988e0e h1:l9ZvxE12kMiwIV5eMUAaQ64aopV7NaBMAIOSTy1kIqg=
github.com/wowchemy/wowchemy-hugo-modules/wowchemy v0.0.0-20210413192202-ab8d28988e0e/go.mod h1:H22qfH9qj3FWwsk7+bAZpmT24yRGNQURah2/IRwjbn8=
github.com/wowchemy/wowchemy-hugo-modules/wowchemy-cms v0.0.0-20210209220000-aa4fe0c75726 h1:RC0nrHvtVgFRPpxE2Pz7iGFoNV8EAa3Vom9mKUV4RSk=
github.com/wowchemy/wowchemy-hugo-modules/wowchemy-cms v0.0.0-20210209220000-aa4fe0c75726/go.mod h1:AKpYbqUVlj0VYsc7Jsxe1o8Ko2yV31A5ZPdfpACcXJw=
github.com/wowchemy/wowchemy-hugo-modules/wowchemy-cms v0.0.0-20210211185922-b811f9a1bb9c h1:a5+8Lgpcomdgpz9pPDhKQ53RMbNkKmifQ3hNrYWA0dg=
github.com/wowchemy/wowchemy-hugo-modules/wowchemy-cms v0.0.0-20210211185922-b811f9a1bb9c/go.mod h1:AKpYbqUVlj0VYsc7Jsxe1o8Ko2yV31A5ZPdfpACcXJw=
github.com/wowchemy/wowchemy-hugo-modules/wowchemy-cms v0.0.0-20210324194200-fda9f39d872e h1:rhRiyEZRDSdtwpEzMmZdycHudtYrEyoHKfc8mxOpHwE=
github.com/wowchemy/wowchemy-hugo-modules/wowchemy-cms v0.0.0-20210324194200-fda9f39d872e/go.mod h1:AKpYbqUVlj0VYsc7Jsxe1o8Ko2yV31A5ZPdfpACcXJw=
github.com/wowchemy/wowchemy-hugo-modules/wowchemy-cms v0.0.0-20210413192202-ab8d28988e0e h1:VVNzzaAkvHR7YEfqPB2wembtTOKSsW+1I5aKBm7zhh4=
github.com/wowchemy/wowchemy-hugo-modules/wowchemy-cms v0.0.0-20210413192202-ab8d28988e0e/go.mod h1:AKpYbqUVlj0VYsc7Jsxe1o8Ko2yV31A5ZPdfpACcXJw=
